
Microsoft Visual Studio Solution File, Format Version 12.00
# Visual Studio Version 16
VisualStudioVersion = 16.0.32929.386
MinimumVisualStudioVersion = 10.0.40219.1
Project("{FAE04EC0-301F-11D3-BF4B-00C04F79EFBC}") = "BookStoreGraphQL", "BookStoreGraphQL\BookStoreGraphQL.csproj", "{B1E0EFA9-33F9-423F-BFC0-12C6B387C964}"
EndProject
Global
	GlobalSection(SolutionConfigurationPlatforms) = preSolution
		Debug|Any CPU = Debug|Any CPU
		Release|Any CPU = Release|Any CPU
	EndGlobalSection
	GlobalSection(ProjectConfigurationPlatforms) = postSolution
		{B1E0EFA9-33F9-423F-BFC0-12C6B387C964}.Debug|Any CPU.ActiveCfg = Debug|Any CPU
		{B1E0EFA9-33F9-423F-BFC0-12C6B387C964}.Debug|Any CPU.Build.0 = Debug|Any CPU
		{B1E0EFA9-33F9-423F-BFC0-12C6B387C964}.Release|Any CPU.ActiveCfg = Release|Any CPU
		{B1E0EFA9-33F9-423F-BFC0-12C6B387C964}.Release|Any CPU.Build.0 = Release|Any CPU
	EndGlobalSection
	GlobalSection(SolutionProperties) = preSolution
		HideSolutionNode = FALSE
	EndGlobalSection
	GlobalSection(ExtensibilityGlobals) = postSolution
		SolutionGuid = {B0C219E8-88CF-4EA1-9B71-61DB86250698}
	EndGlobalSection
EndGlobal
